Microsoft Visual Studio Solution File, Format Version 12.00
# Visual Studio 2013
VisualStudioVersion = 12.0.30723.0
MinimumVisualStudioVersion = 10.0.40219.1
Project("{FAE04EC0-301F-11D3-BF4B-00C04F79EFBC}") = "Orc.Collections", "Orc.Collections\Orc.Collections.csproj", "{F99E2E90-1C99-4938-AD99-BCF6666A6556}"
EndProject
Project("{FAE04EC0-301F-11D3-BF4B-00C04F79EFBC}") = "Orc.Collections.Tests", "Orc.Collections.Tests\Orc.Collections.Tests.csproj", "{4CE3FB33-42C2-4AD3-B7A6-D6E0AA0DD752}"
EndProject
Project("{2150E333-8FDC-42A3-9474-1A3956D46DE8}") = "misc", "misc", "{B1288A31-E614-4E22-B521-95195A3BC7EA}"
	ProjectSection(SolutionItems) = preProject
		nuget.config = nuget.config
		Orc.Collections.sln.DotSettings = Orc.Collections.sln.DotSettings
		resharper.settings = resharper.settings
		Settings.StyleCop = Settings.StyleCop
		SolutionAssemblyInfo.cs = SolutionAssemblyInfo.cs
	EndProjectSection
EndProject
Project("{2150E333-8FDC-42A3-9474-1A3956D46DE8}") = "lib", "lib", "{7D8E7D49-0975-4487-86BA-84D6A253214B}"
	ProjectSection(SolutionItems) = preProject
		..\lib\repositories.config = ..\lib\repositories.config
	EndProjectSection
EndProject
Project("{2150E333-8FDC-42A3-9474-1A3956D46DE8}") = "src", "src", "{A2B6EC9C-0526-418D-9CBD-24B5DBB7C7DA}"
EndProject
Global
	GlobalSection(SolutionConfigurationPlatforms) = preSolution
		Debug|Any CPU = Debug|Any CPU
		Release|Any CPU = Release|Any CPU
	EndGlobalSection
	GlobalSection(ProjectConfigurationPlatforms) = postSolution
		{F99E2E90-1C99-4938-AD99-BCF6666A6556}.Debug|Any CPU.ActiveCfg = Debug|Any CPU
		{F99E2E90-1C99-4938-AD99-BCF6666A6556}.Debug|Any CPU.Build.0 = Debug|Any CPU
		{F99E2E90-1C99-4938-AD99-BCF6666A6556}.Release|Any CPU.ActiveCfg = Release|Any CPU
		{F99E2E90-1C99-4938-AD99-BCF6666A6556}.Release|Any CPU.Build.0 = Release|Any CPU
		{4CE3FB33-42C2-4AD3-B7A6-D6E0AA0DD752}.Debug|Any CPU.ActiveCfg = Debug|Any CPU
		{4CE3FB33-42C2-4AD3-B7A6-D6E0AA0DD752}.Debug|Any CPU.Build.0 = Debug|Any CPU
		{4CE3FB33-42C2-4AD3-B7A6-D6E0AA0DD752}.Release|Any CPU.ActiveCfg = Release|Any CPU
		{4CE3FB33-42C2-4AD3-B7A6-D6E0AA0DD752}.Release|Any CPU.Build.0 = Release|Any CPU
	EndGlobalSection
	GlobalSection(SolutionProperties) = preSolution
		HideSolutionNode = FALSE
	EndGlobalSection
	GlobalSection(NestedProjects) = preSolution
		{F99E2E90-1C99-4938-AD99-BCF6666A6556} = {A2B6EC9C-0526-418D-9CBD-24B5DBB7C7DA}
		{4CE3FB33-42C2-4AD3-B7A6-D6E0AA0DD752} = {A2B6EC9C-0526-418D-9CBD-24B5DBB7C7DA}
	EndGlobalSection
EndGlobal
